
Microsoft Visual Studio Solution File, Format Version 12.00
# Visual Studio Version 16
VisualStudioVersion = 16.0.810.22
MinimumVisualStudioVersion = 10.0.40219.1
Project("{FAE04EC0-301F-11D3-BF4B-00C04F79EFBC}") = "TheRoadApp", "TheRoadApp.csproj", "{EC9AF024-0B29-49E4-A6F9-48B7B05F13BA}"
EndProject
Global
	GlobalSection(SolutionConfigurationPlatforms) = preSolution
		Debug|Any CPU = Debug|Any CPU
		Release|Any CPU = Release|Any CPU
	EndGlobalSection
	GlobalSection(ProjectConfigurationPlatforms) = postSolution
		{EC9AF024-0B29-49E4-A6F9-48B7B05F13BA}.Debug|Any CPU.ActiveCfg = Debug|Any CPU
		{EC9AF024-0B29-49E4-A6F9-48B7B05F13BA}.Debug|Any CPU.Build.0 = Debug|Any CPU
		{EC9AF024-0B29-49E4-A6F9-48B7B05F13BA}.Release|Any CPU.ActiveCfg = Release|Any CPU
		{EC9AF024-0B29-49E4-A6F9-48B7B05F13BA}.Release|Any CPU.Build.0 = Release|Any CPU
	EndGlobalSection
	GlobalSection(SolutionProperties) = preSolution
		HideSolutionNode = FALSE
	EndGlobalSection
	GlobalSection(ExtensibilityGlobals) = postSolution
		SolutionGuid = {D23023E4-E4AF-4E9C-A18D-54FF8C58F775}
	EndGlobalSection
EndGlobal
